
Microsoft Visual Studio Solution File, Format Version 12.00
# Visual Studio 14
VisualStudioVersion = 14.0.23107.0
MinimumVisualStudioVersion = 10.0.40219.1
Project("{FAE04EC0-301F-11D3-BF4B-00C04F79EFBC}") = "V8Media.Framework", "V8Media.Framework\V8Media.Framework.csproj", "{AFE85518-20C2-4AFF-9DD7-751B69C8983F}"
EndProject
Project("{FAE04EC0-301F-11D3-BF4B-00C04F79EFBC}") = "V8Media.Base", "V8Media.Base\V8Media.Base.csproj", "{1B5FDB9A-5408-4024-B759-D471A46C46A5}"
EndProject
Global
	GlobalSection(SolutionConfigurationPlatforms) = preSolution
		Debug|Any CPU = Debug|Any CPU
		Release|Any CPU = Release|Any CPU
	EndGlobalSection
	GlobalSection(ProjectConfigurationPlatforms) = postSolution
		{AFE85518-20C2-4AFF-9DD7-751B69C8983F}.Debug|Any CPU.ActiveCfg = Debug|Any CPU
		{AFE85518-20C2-4AFF-9DD7-751B69C8983F}.Debug|Any CPU.Build.0 = Debug|Any CPU
		{AFE85518-20C2-4AFF-9DD7-751B69C8983F}.Release|Any CPU.ActiveCfg = Release|Any CPU
		{AFE85518-20C2-4AFF-9DD7-751B69C8983F}.Release|Any CPU.Build.0 = Release|Any CPU
		{1B5FDB9A-5408-4024-B759-D471A46C46A5}.Debug|Any CPU.ActiveCfg = Debug|Any CPU
		{1B5FDB9A-5408-4024-B759-D471A46C46A5}.Debug|Any CPU.Build.0 = Debug|Any CPU
		{1B5FDB9A-5408-4024-B759-D471A46C46A5}.Release|Any CPU.ActiveCfg = Release|Any CPU
		{1B5FDB9A-5408-4024-B759-D471A46C46A5}.Release|Any CPU.Build.0 = Release|Any CPU
	EndGlobalSection
	GlobalSection(SolutionProperties) = preSolution
		HideSolutionNode = FALSE
	EndGlobalSection
EndGlobal
